
Microsoft Visual Studio Solution File, Format Version 12.00
# Visual Studio 2013
VisualStudioVersion = 12.0.40629.0
MinimumVisualStudioVersion = 10.0.40219.1
Project("{2150E333-8FDC-42A3-9474-1A3956D46DE8}") = "Core", "Core", "{9CD9E90F-7C96-4E89-A435-5D5067C3BAD6}"
EndProject
Project("{2150E333-8FDC-42A3-9474-1A3956D46DE8}") = "Infrastructure", "Infrastructure", "{4C7EA942-CCEA-4777-AF71-890237D47DCD}"
EndProject
Project("{FAE04EC0-301F-11D3-BF4B-00C04F79EFBC}") = "LMS.Core", "LMS.Core\LMS.Core.csproj", "{EA52A07F-C0E3-4618-9CDE-B6077284EC24}"
EndProject
Project("{FAE04EC0-301F-11D3-BF4B-00C04F79EFBC}") = "LMS.Domain", "LMS.Domain\LMS.Domain.csproj", "{3E15DFD7-E795-4B87-88D5-D86ED172F625}"
EndProject
Project("{FAE04EC0-301F-11D3-BF4B-00C04F79EFBC}") = "LMS.Repository.Linq2Db", "LMS.Repository.Linq2Db\LMS.Repository.Linq2Db.csproj", "{B6EBCDBB-66D9-4311-804B-85EB046FE09F}"
EndProject
Project("{FAE04EC0-301F-11D3-BF4B-00C04F79EFBC}") = "LMS.Services", "LMS.Services\LMS.Services.csproj", "{982850DF-061E-461A-BE7C-407F367E444A}"
EndProject
Project("{2150E333-8FDC-42A3-9474-1A3956D46DE8}") = "Solution Items", "Solution Items", "{A9540100-02DA-480D-8F68-77A9AB8A5211}"
	ProjectSection(SolutionItems) = preProject
		Todo.txt = Todo.txt
	EndProjectSection
EndProject
Project("{FAE04EC0-301F-11D3-BF4B-00C04F79EFBC}") = "LMS.web", "LMS.web\LMS.web.csproj", "{F50F6858-251E-45EE-B564-DA6BD17F4681}"
EndProject
Project("{2150E333-8FDC-42A3-9474-1A3956D46DE8}") = ".nuget", ".nuget", "{BC4CD3EE-FE91-4200-9AF7-8CDCC743933A}"
	ProjectSection(SolutionItems) = preProject
		.nuget\NuGet.Config = .nuget\NuGet.Config
		.nuget\NuGet.exe = .nuget\NuGet.exe
		.nuget\NuGet.targets = .nuget\NuGet.targets
	EndProjectSection
EndProject
Project("{2150E333-8FDC-42A3-9474-1A3956D46DE8}") = "SQL", "SQL", "{90F51AC7-1DF6-4510-919F-64D213D2EA1A}"
	ProjectSection(SolutionItems) = preProject
		sql-0.sql = sql-0.sql
	EndProjectSection
EndProject
Project("{2150E333-8FDC-42A3-9474-1A3956D46DE8}") = "LogsDrivers", "LogsDrivers", "{2F64C560-DBD8-4E63-877E-8D21F0AF0CE4}"
EndProject
Project("{2150E333-8FDC-42A3-9474-1A3956D46DE8}") = "Sample", "Sample", "{ED503A00-5D92-4212-A14A-6917008F9A51}"
EndProject
Project("{FAE04EC0-301F-11D3-BF4B-00C04F79EFBC}") = "LMS.Web.Sample", "LMS.Web.Sample\LMS.Web.Sample.csproj", "{5AC7CD29-5861-43D1-A506-2BF244730AC6}"
EndProject
Project("{FAE04EC0-301F-11D3-BF4B-00C04F79EFBC}") = "LMS.Driver.Elmah", "LMS.Driver.Elmah\LMS.Driver.Elmah.csproj", "{D1989A48-2A02-4ABE-8C53-C0519EF42C9F}"
EndProject
Project("{FAE04EC0-301F-11D3-BF4B-00C04F79EFBC}") = "LMS.Drivers.Core", "LMS.Drivers.Core\LMS.Drivers.Core.csproj", "{D0F42AEE-A47F-435B-9BEB-917785072240}"
EndProject
Project("{FAE04EC0-301F-11D3-BF4B-00C04F79EFBC}") = "LMS.Driver.TraceListener", "LMS.Driver.TraceListener\LMS.Driver.TraceListener.csproj", "{26DDDBF6-4B21-409D-B0C2-24606D8898F3}"
EndProject
Project("{FAE04EC0-301F-11D3-BF4B-00C04F79EFBC}") = "LMS.Logging", "LMS.Logging\LMS.Logging.csproj", "{CFF4B59D-3E9F-44A6-8DD8-AFF123EC50BD}"
EndProject
Project("{FAE04EC0-301F-11D3-BF4B-00C04F79EFBC}") = "LMS.Resources", "LMS.Resources\LMS.Resources.csproj", "{0C4F194B-EA87-4306-AA22-A60680A37B1F}"
EndProject
Project("{FAE04EC0-301F-11D3-BF4B-00C04F79EFBC}") = "LMS.Driver.NLog", "LMS.Driver.NLog\LMS.Driver.NLog.csproj", "{CEF6618D-8402-46D9-B4CB-230B927BEE72}"
EndProject
Global
	GlobalSection(SolutionConfigurationPlatforms) = preSolution
		Debug|Any CPU = Debug|Any CPU
		Release|Any CPU = Release|Any CPU
	EndGlobalSection
	GlobalSection(ProjectConfigurationPlatforms) = postSolution
		{EA52A07F-C0E3-4618-9CDE-B6077284EC24}.Debug|Any CPU.ActiveCfg = Debug|Any CPU
		{EA52A07F-C0E3-4618-9CDE-B6077284EC24}.Debug|Any CPU.Build.0 = Debug|Any CPU
		{EA52A07F-C0E3-4618-9CDE-B6077284EC24}.Release|Any CPU.ActiveCfg = Release|Any CPU
		{EA52A07F-C0E3-4618-9CDE-B6077284EC24}.Release|Any CPU.Build.0 = Release|Any CPU
		{3E15DFD7-E795-4B87-88D5-D86ED172F625}.Debug|Any CPU.ActiveCfg = Debug|Any CPU
		{3E15DFD7-E795-4B87-88D5-D86ED172F625}.Debug|Any CPU.Build.0 = Debug|Any CPU
		{3E15DFD7-E795-4B87-88D5-D86ED172F625}.Release|Any CPU.ActiveCfg = Release|Any CPU
		{3E15DFD7-E795-4B87-88D5-D86ED172F625}.Release|Any CPU.Build.0 = Release|Any CPU
		{B6EBCDBB-66D9-4311-804B-85EB046FE09F}.Debug|Any CPU.ActiveCfg = Debug|Any CPU
		{B6EBCDBB-66D9-4311-804B-85EB046FE09F}.Debug|Any CPU.Build.0 = Debug|Any CPU
		{B6EBCDBB-66D9-4311-804B-85EB046FE09F}.Release|Any CPU.ActiveCfg = Release|Any CPU
		{B6EBCDBB-66D9-4311-804B-85EB046FE09F}.Release|Any CPU.Build.0 = Release|Any CPU
		{982850DF-061E-461A-BE7C-407F367E444A}.Debug|Any CPU.ActiveCfg = Debug|Any CPU
		{982850DF-061E-461A-BE7C-407F367E444A}.Debug|Any CPU.Build.0 = Debug|Any CPU
		{982850DF-061E-461A-BE7C-407F367E444A}.Release|Any CPU.ActiveCfg = Release|Any CPU
		{982850DF-061E-461A-BE7C-407F367E444A}.Release|Any CPU.Build.0 = Release|Any CPU
		{F50F6858-251E-45EE-B564-DA6BD17F4681}.Debug|Any CPU.ActiveCfg = Debug|Any CPU
		{F50F6858-251E-45EE-B564-DA6BD17F4681}.Debug|Any CPU.Build.0 = Debug|Any CPU
		{F50F6858-251E-45EE-B564-DA6BD17F4681}.Release|Any CPU.ActiveCfg = Release|Any CPU
		{F50F6858-251E-45EE-B564-DA6BD17F4681}.Release|Any CPU.Build.0 = Release|Any CPU
		{5AC7CD29-5861-43D1-A506-2BF244730AC6}.Debug|Any CPU.ActiveCfg = Debug|Any CPU
		{5AC7CD29-5861-43D1-A506-2BF244730AC6}.Debug|Any CPU.Build.0 = Debug|Any CPU
		{5AC7CD29-5861-43D1-A506-2BF244730AC6}.Release|Any CPU.ActiveCfg = Release|Any CPU
		{5AC7CD29-5861-43D1-A506-2BF244730AC6}.Release|Any CPU.Build.0 = Release|Any CPU
		{D1989A48-2A02-4ABE-8C53-C0519EF42C9F}.Debug|Any CPU.ActiveCfg = Debug|Any CPU
		{D1989A48-2A02-4ABE-8C53-C0519EF42C9F}.Debug|Any CPU.Build.0 = Debug|Any CPU
		{D1989A48-2A02-4ABE-8C53-C0519EF42C9F}.Release|Any CPU.ActiveCfg = Release|Any CPU
		{D1989A48-2A02-4ABE-8C53-C0519EF42C9F}.Release|Any CPU.Build.0 = Release|Any CPU
		{D0F42AEE-A47F-435B-9BEB-917785072240}.Debug|Any CPU.ActiveCfg = Debug|Any CPU
		{D0F42AEE-A47F-435B-9BEB-917785072240}.Debug|Any CPU.Build.0 = Debug|Any CPU
		{D0F42AEE-A47F-435B-9BEB-917785072240}.Release|Any CPU.ActiveCfg = Release|Any CPU
		{D0F42AEE-A47F-435B-9BEB-917785072240}.Release|Any CPU.Build.0 = Release|Any CPU
		{26DDDBF6-4B21-409D-B0C2-24606D8898F3}.Debug|Any CPU.ActiveCfg = Debug|Any CPU
		{26DDDBF6-4B21-409D-B0C2-24606D8898F3}.Debug|Any CPU.Build.0 = Debug|Any CPU
		{26DDDBF6-4B21-409D-B0C2-24606D8898F3}.Release|Any CPU.ActiveCfg = Release|Any CPU
		{26DDDBF6-4B21-409D-B0C2-24606D8898F3}.Release|Any CPU.Build.0 = Release|Any CPU
		{CFF4B59D-3E9F-44A6-8DD8-AFF123EC50BD}.Debug|Any CPU.ActiveCfg = Debug|Any CPU
		{CFF4B59D-3E9F-44A6-8DD8-AFF123EC50BD}.Debug|Any CPU.Build.0 = Debug|Any CPU
		{CFF4B59D-3E9F-44A6-8DD8-AFF123EC50BD}.Release|Any CPU.ActiveCfg = Release|Any CPU
		{CFF4B59D-3E9F-44A6-8DD8-AFF123EC50BD}.Release|Any CPU.Build.0 = Release|Any CPU
		{0C4F194B-EA87-4306-AA22-A60680A37B1F}.Debug|Any CPU.ActiveCfg = Debug|Any CPU
		{0C4F194B-EA87-4306-AA22-A60680A37B1F}.Debug|Any CPU.Build.0 = Debug|Any CPU
		{0C4F194B-EA87-4306-AA22-A60680A37B1F}.Release|Any CPU.ActiveCfg = Release|Any CPU
		{0C4F194B-EA87-4306-AA22-A60680A37B1F}.Release|Any CPU.Build.0 = Release|Any CPU
		{CEF6618D-8402-46D9-B4CB-230B927BEE72}.Debug|Any CPU.ActiveCfg = Debug|Any CPU
		{CEF6618D-8402-46D9-B4CB-230B927BEE72}.Debug|Any CPU.Build.0 = Debug|Any CPU
		{CEF6618D-8402-46D9-B4CB-230B927BEE72}.Release|Any CPU.ActiveCfg = Release|Any CPU
		{CEF6618D-8402-46D9-B4CB-230B927BEE72}.Release|Any CPU.Build.0 = Release|Any CPU
	EndGlobalSection
	GlobalSection(SolutionProperties) = preSolution
		HideSolutionNode = FALSE
	EndGlobalSection
	GlobalSection(NestedProjects) = preSolution
		{EA52A07F-C0E3-4618-9CDE-B6077284EC24} = {9CD9E90F-7C96-4E89-A435-5D5067C3BAD6}
		{3E15DFD7-E795-4B87-88D5-D86ED172F625} = {9CD9E90F-7C96-4E89-A435-5D5067C3BAD6}
		{B6EBCDBB-66D9-4311-804B-85EB046FE09F} = {4C7EA942-CCEA-4777-AF71-890237D47DCD}
		{90F51AC7-1DF6-4510-919F-64D213D2EA1A} = {A9540100-02DA-480D-8F68-77A9AB8A5211}
		{5AC7CD29-5861-43D1-A506-2BF244730AC6} = {ED503A00-5D92-4212-A14A-6917008F9A51}
		{D1989A48-2A02-4ABE-8C53-C0519EF42C9F} = {2F64C560-DBD8-4E63-877E-8D21F0AF0CE4}
		{D0F42AEE-A47F-435B-9BEB-917785072240} = {2F64C560-DBD8-4E63-877E-8D21F0AF0CE4}
		{26DDDBF6-4B21-409D-B0C2-24606D8898F3} = {2F64C560-DBD8-4E63-877E-8D21F0AF0CE4}
		{CFF4B59D-3E9F-44A6-8DD8-AFF123EC50BD} = {4C7EA942-CCEA-4777-AF71-890237D47DCD}
		{CEF6618D-8402-46D9-B4CB-230B927BEE72} = {2F64C560-DBD8-4E63-877E-8D21F0AF0CE4}
	EndGlobalSection
EndGlobal
